// !$*UTF8*$!
{
	archiveVersion = 1;
	classes = {
	};
	objectVersion = 50;
	objects = {

/* Begin PBXBuildFile section */
		373E1ED6235BC51400C55A1F /* Info.plist in Resources */ = {isa = PBXBuildFile; fileRef = 373E1ED5235BC51400C55A1F /* Info.plist */; };
		373E1ED8235BD11500C55A1F /* libSDL2.dylib in Frameworks */ = {isa = PBXBuildFile; fileRef = 373E1ED7235BD11500C55A1F /* libSDL2.dylib */; };
		37A6FE95220B484F00C1270A /* main.cpp in Sources */ = {isa = PBXBuildFile; fileRef = 37A6FE94220B484F00C1270A /* main.cpp */; };
/* End PBXBuildFile section */

/* Begin PBXCopyFilesBuildPhase section */
		37C06198209FB26800C0D91B /* CopyFiles */ = {
			isa = PBXCopyFilesBuildPhase;
			buildActionMask = 12;
			dstPath = "";
			dstSubfolderSpec = 10;
			files = (
			);
			runOnlyForDeploymentPostprocessing = 0;
		};
/* End PBXCopyFilesBuildPhase section */

/* Begin PBXFileReference section */
		3710071B209F622400F46866 /* raytracinginoneweekend.app */ = {isa = PBXFileReference; explicitFileType = wrapper.application; includeInIndex = 0; path = raytracinginoneweekend.app; sourceTree = BUILT_PRODUCTS_DIR; };
		373E1ED4235BC51400C55A1F /* raytracinginoneweekend.entitlements */ = {isa = PBXFileReference; fileEncoding = 4; lastKnownFileType = text.plist.entitlements; name = raytracinginoneweekend.entitlements; path = ../resources/raytracinginoneweekend.entitlements; sourceTree = "<group>"; };
		373E1ED5235BC51400C55A1F /* Info.plist */ = {isa = PBXFileReference; fileEncoding = 4; lastKnownFileType = text.plist.xml; name = Info.plist; path = ../resources/Info.plist; sourceTree = "<group>"; };
		373E1ED7235BD11500C55A1F /* libSDL2.dylib */ = {isa = PBXFileReference; lastKnownFileType = "compiled.mach-o.dylib"; name = libSDL2.dylib; path = ../dependencies/lib/osx/libSDL2.dylib; sourceTree = "<group>"; };
		37A6FE94220B484F00C1270A /* main.cpp */ = {isa = PBXFileReference; fileEncoding = 4; lastKnownFileType = sourcecode.cpp.cpp; name = main.cpp; path = ../src/main.cpp; sourceTree = "<group>"; };
/* End PBXFileReference section */

/* Begin PBXFrameworksBuildPhase section */
		37100718209F622400F46866 /* Frameworks */ = {
			isa = PBXFrameworksBuildPhase;
			buildActionMask = 2147483647;
			files = (
				373E1ED8235BD11500C55A1F /* libSDL2.dylib in Frameworks */,
			);
			runOnlyForDeploymentPostprocessing = 0;
		};
/* End PBXFrameworksBuildPhase section */

/* Begin PBXGroup section */
		37100712209F622400F46866 = {
			isa = PBXGroup;
			children = (
				37100738209F687200F46866 /* Resources */,
				37100735209F67A600F46866 /* src */,
				3710071C209F622400F46866 /* Products */,
				37C0618D209F696B00C0D91B /* Frameworks */,
			);
			sourceTree = "<group>";
		};
		3710071C209F622400F46866 /* Products */ = {
			isa = PBXGroup;
			children = (
				3710071B209F622400F46866 /* raytracinginoneweekend.app */,
			);
			name = Products;
			sourceTree = "<group>";
		};
		37100735209F67A600F46866 /* src */ = {
			isa = PBXGroup;
			children = (
				37A6FE94220B484F00C1270A /* main.cpp */,
			);
			name = src;
			sourceTree = "<group>";
		};
		37100738209F687200F46866 /* Resources */ = {
			isa = PBXGroup;
			children = (
				373E1ED5235BC51400C55A1F /* Info.plist */,
				373E1ED4235BC51400C55A1F /* raytracinginoneweekend.entitlements */,
			);
			name = Resources;
			sourceTree = "<group>";
		};
		37C0618D209F696B00C0D91B /* Frameworks */ = {
			isa = PBXGroup;
			children = (
				373E1ED7235BD11500C55A1F /* libSDL2.dylib */,
			);
			name = Frameworks;
			sourceTree = "<group>";
		};
/* End PBXGroup section */

/* Begin PBXNativeTarget section */
		3710071A209F622400F46866 /* raytracinginoneweekend */ = {
			isa = PBXNativeTarget;
			buildConfigurationList = 3710072C209F622500F46866 /* Build configuration list for PBXNativeTarget "raytracinginoneweekend" */;
			buildPhases = (
				37100717209F622400F46866 /* Sources */,
				37100718209F622400F46866 /* Frameworks */,
				37100719209F622400F46866 /* Resources */,
				37C06198209FB26800C0D91B /* CopyFiles */,
			);
			buildRules = (
			);
			dependencies = (
			);
			name = raytracinginoneweekend;
			productName = Vulkan;
			productReference = 3710071B209F622400F46866 /* raytracinginoneweekend.app */;
			productType = "com.apple.product-type.application";
		};
/* End PBXNativeTarget section */

/* Begin PBXProject section */
		37100713209F622400F46866 /* Project object */ = {
			isa = PBXProject;
			attributes = {
				LastUpgradeCheck = 1110;
				ORGANIZATIONNAME = "Kotori Studios";
				TargetAttributes = {
					3710071A209F622400F46866 = {
						CreatedOnToolsVersion = 9.3;
						SystemCapabilities = {
							com.apple.Sandbox = {
								enabled = 0;
							};
						};
					};
				};
			};
			buildConfigurationList = 37100716209F622400F46866 /* Build configuration list for PBXProject "raytracinginoneweekend" */;
			compatibilityVersion = "Xcode 9.3";
			developmentRegion = en;
			hasScannedForEncodings = 0;
			knownRegions = (
				en,
				Base,
			);
			mainGroup = 37100712209F622400F46866;
			productRefGroup = 3710071C209F622400F46866 /* Products */;
			projectDirPath = "";
			projectRoot = "";
			targets = (
				3710071A209F622400F46866 /* raytracinginoneweekend */,
			);
		};
/* End PBXProject section */

/* Begin PBXResourcesBuildPhase section */
		37100719209F622400F46866 /* Resources */ = {
			isa = PBXResourcesBuildPhase;
			buildActionMask = 2147483647;
			files = (
				373E1ED6235BC51400C55A1F /* Info.plist in Resources */,
			);
			runOnlyForDeploymentPostprocessing = 0;
		};
/* End PBXResourcesBuildPhase section */

/* Begin PBXSourcesBuildPhase section */
		37100717209F622400F46866 /* Sources */ = {
			isa = PBXSourcesBuildPhase;
			buildActionMask = 2147483647;
			files = (
				37A6FE95220B484F00C1270A /* main.cpp in Sources */,
			);
			runOnlyForDeploymentPostprocessing = 0;
		};
/* End PBXSourcesBuildPhase section */

/* Begin XCBuildConfiguration section */
		3710072A209F622500F46866 /* Debug */ = {
			isa = XCBuildConfiguration;
			buildSettings = {
				ALWAYS_SEARCH_USER_PATHS = NO;
				CLANG_ANALYZER_NONNULL = YES;
				CLANG_ANALYZER_NUMBER_OBJECT_CONVERSION = YES_AGGRESSIVE;
				CLANG_CXX_LANGUAGE_STANDARD = "gnu++14";
				CLANG_CXX_LIBRARY = "libc++";
				CLANG_ENABLE_MODULES = YES;
				CLANG_ENABLE_OBJC_ARC = YES;
				CLANG_ENABLE_OBJC_WEAK = YES;
				CLANG_WARN_BLOCK_CAPTURE_AUTORELEASING = YES;
				CLANG_WARN_BOOL_CONVERSION = YES;
				CLANG_WARN_COMMA = YES;
				CLANG_WARN_CONSTANT_CONVERSION = YES;
				CLANG_WARN_DEPRECATED_OBJC_IMPLEMENTATIONS = YES;
				CLANG_WARN_DIRECT_OBJC_ISA_USAGE = YES_ERROR;
				CLANG_WARN_DOCUMENTATION_COMMENTS = YES;
				CLANG_WARN_EMPTY_BODY = YES;
				CLANG_WARN_ENUM_CONVERSION = YES;
				CLANG_WARN_INFINITE_RECURSION = YES;
				CLANG_WARN_INT_CONVERSION = YES;
				CLANG_WARN_NON_LITERAL_NULL_CONVERSION = YES;
				CLANG_WARN_OBJC_IMPLICIT_RETAIN_SELF = YES;
				CLANG_WARN_OBJC_LITERAL_CONVERSION = YES;
				CLANG_WARN_OBJC_ROOT_CLASS = YES_ERROR;
				CLANG_WARN_RANGE_LOOP_ANALYSIS = YES;
				CLANG_WARN_STRICT_PROTOTYPES = YES;
				CLANG_WARN_SUSPICIOUS_MOVE = YES;
				CLANG_WARN_UNGUARDED_AVAILABILITY = YES_AGGRESSIVE;
				CLANG_WARN_UNREACHABLE_CODE = YES;
				CLANG_WARN__DUPLICATE_METHOD_MATCH = YES;
				CODE_SIGN_IDENTITY = "Mac Developer";
				COPY_PHASE_STRIP = NO;
				DEBUG_INFORMATION_FORMAT = dwarf;
				ENABLE_STRICT_OBJC_MSGSEND = YES;
				ENABLE_TESTABILITY = YES;
				GCC_C_LANGUAGE_STANDARD = gnu11;
				GCC_DYNAMIC_NO_PIC = NO;
				GCC_NO_COMMON_BLOCKS = YES;
				GCC_OPTIMIZATION_LEVEL = 0;
				GCC_PREPROCESSOR_DEFINITIONS = (
					"DEBUG=1",
					"$(inherited)",
				);
				GCC_WARN_64_TO_32_BIT_CONVERSION = YES;
				GCC_WARN_ABOUT_RETURN_TYPE = YES_ERROR;
				GCC_WARN_UNDECLARED_SELECTOR = YES;
				GCC_WARN_UNINITIALIZED_AUTOS = YES_AGGRESSIVE;
				GCC_WARN_UNUSED_FUNCTION = YES;
				GCC_WARN_UNUSED_VARIABLE = YES;
				MACOSX_DEPLOYMENT_TARGET = 10.13;
				MTL_ENABLE_DEBUG_INFO = YES;
				ONLY_ACTIVE_ARCH = YES;
				SDKROOT = macosx;
			};
			name = Debug;
		};
		3710072B209F622500F46866 /* Release */ = {
			isa = XCBuildConfiguration;
			buildSettings = {
				ALWAYS_SEARCH_USER_PATHS = NO;
				CLANG_ANALYZER_NONNULL = YES;
				CLANG_ANALYZER_NUMBER_OBJECT_CONVERSION = YES_AGGRESSIVE;
				CLANG_CXX_LANGUAGE_STANDARD = "gnu++14";
				CLANG_CXX_LIBRARY = "libc++";
				CLANG_ENABLE_MODULES = YES;
				CLANG_ENABLE_OBJC_ARC = YES;
				CLANG_ENABLE_OBJC_WEAK = YES;
				CLANG_WARN_BLOCK_CAPTURE_AUTORELEASING = YES;
				CLANG_WARN_BOOL_CONVERSION = YES;
				CLANG_WARN_COMMA = YES;
				CLANG_WARN_CONSTANT_CONVERSION = YES;
				CLANG_WARN_DEPRECATED_OBJC_IMPLEMENTATIONS = YES;
				CLANG_WARN_DIRECT_OBJC_ISA_USAGE = YES_ERROR;
				CLANG_WARN_DOCUMENTATION_COMMENTS = YES;
				CLANG_WARN_EMPTY_BODY = YES;
				CLANG_WARN_ENUM_CONVERSION = YES;
				CLANG_WARN_INFINITE_RECURSION = YES;
				CLANG_WARN_INT_CONVERSION = YES;
				CLANG_WARN_NON_LITERAL_NULL_CONVERSION = YES;
				CLANG_WARN_OBJC_IMPLICIT_RETAIN_SELF = YES;
				CLANG_WARN_OBJC_LITERAL_CONVERSION = YES;
				CLANG_WARN_OBJC_ROOT_CLASS = YES_ERROR;
				CLANG_WARN_RANGE_LOOP_ANALYSIS = YES;
				CLANG_WARN_STRICT_PROTOTYPES = YES;
				CLANG_WARN_SUSPICIOUS_MOVE = YES;
				CLANG_WARN_UNGUARDED_AVAILABILITY = YES_AGGRESSIVE;
				CLANG_WARN_UNREACHABLE_CODE = YES;
				CLANG_WARN__DUPLICATE_METHOD_MATCH = YES;
				CODE_SIGN_IDENTITY = "Mac Developer";
				COPY_PHASE_STRIP = NO;
				DEBUG_INFORMATION_FORMAT = "dwarf-with-dsym";
				ENABLE_NS_ASSERTIONS = NO;
				ENABLE_STRICT_OBJC_MSGSEND = YES;
				GCC_C_LANGUAGE_STANDARD = gnu11;
				GCC_NO_COMMON_BLOCKS = YES;
				GCC_WARN_64_TO_32_BIT_CONVERSION = YES;
				GCC_WARN_ABOUT_RETURN_TYPE = YES_ERROR;
				GCC_WARN_UNDECLARED_SELECTOR = YES;
				GCC_WARN_UNINITIALIZED_AUTOS = YES_AGGRESSIVE;
				GCC_WARN_UNUSED_FUNCTION = YES;
				GCC_WARN_UNUSED_VARIABLE = YES;
				MACOSX_DEPLOYMENT_TARGET = 10.13;
				MTL_ENABLE_DEBUG_INFO = NO;
				SDKROOT = macosx;
			};
			name = Release;
		};
		3710072D209F622500F46866 /* Debug */ = {
			isa = XCBuildConfiguration;
			buildSettings = {
				ARCHS = "$(ARCHS_STANDARD_64_BIT)";
				CLANG_CXX_LANGUAGE_STANDARD = "c++17";
				CLANG_OPTIMIZATION_PROFILE_FILE = "";
				CODE_SIGN_IDENTITY = "Mac Developer";
				CODE_SIGN_STYLE = Manual;
				COMBINE_HIDPI_IMAGES = YES;
				DEVELOPMENT_TEAM = 6S4LF7H33M;
				ENABLE_HARDENED_RUNTIME = YES;
				GCC_C_LANGUAGE_STANDARD = c11;
				GCC_INLINES_ARE_PRIVATE_EXTERN = NO;
				GCC_PREPROCESSOR_DEFINITIONS = (
					"DEBUG=1",
					"$(inherited)",
					"GLM_ENABLE_EXPERIMENTAL=1",
				);
				HEADER_SEARCH_PATHS = (
					../dependencies/include,
					../submodules,
					../submodules/glm,
					../submodules/rapidjson/include,
					../submodules/bullet3/src,
				);
				INFOPLIST_FILE = ../resources/Info.plist;
				LD_RUNPATH_SEARCH_PATHS = (
					"$(inherited)",
					"@executable_path/../Frameworks",
				);
				LIBRARY_SEARCH_PATHS = (
					"$(inherited)",
					"$(PROJECT_DIR)/../dependencies/lib/osx",
					"$(PROJECT_DIR)/../submodules/bullet3/build_cmake/src/BulletCollision",
					"$(PROJECT_DIR)/../submodules/bullet3/build_cmake/src/BulletDynamics",
					"$(PROJECT_DIR)/../submodules/bullet3/build_cmake/src/LinearMath",
					"$(PROJECT_DIR)/../submodules/bullet3/bin",
				);
				LLVM_LTO = NO;
				PRODUCT_BUNDLE_IDENTIFIER = com.kotoristudios.raytracinginoneweekend;
				PRODUCT_NAME = "$(TARGET_NAME)";
				PROVISIONING_PROFILE_SPECIFIER = "";
			};
			name = Debug;
		};
		3710072E209F622500F46866 /* Release */ = {
			isa = XCBuildConfiguration;
			buildSettings = {
				ARCHS = "$(ARCHS_STANDARD_64_BIT)";
				CLANG_CXX_LANGUAGE_STANDARD = "c++17";
				CLANG_OPTIMIZATION_PROFILE_FILE = "";
				CODE_SIGN_IDENTITY = "-";
				CODE_SIGN_STYLE = Manual;
				COMBINE_HIDPI_IMAGES = YES;
				DEVELOPMENT_TEAM = 6S4LF7H33M;
				GCC_C_LANGUAGE_STANDARD = c11;
				GCC_INSTRUMENT_PROGRAM_FLOW_ARCS = YES;
				GCC_OPTIMIZATION_LEVEL = fast;
				GCC_PREPROCESSOR_DEFINITIONS = "GLM_ENABLE_EXPERIMENTAL=1";
				HEADER_SEARCH_PATHS = (
					../dependencies/include,
					../submodules,
					../submodules/glm,
					../submodules/rapidjson/include,
					../submodules/bullet3/src,
				);
				INFOPLIST_FILE = ../resources/Info.plist;
				LD_RUNPATH_SEARCH_PATHS = (
					"$(inherited)",
					"@executable_path/../Frameworks",
				);
				LIBRARY_SEARCH_PATHS = (
					"$(inherited)",
					"$(PROJECT_DIR)/../dependencies/lib/osx",
					"$(PROJECT_DIR)/../submodules/bullet3/build_cmake/src/BulletCollision",
					"$(PROJECT_DIR)/../submodules/bullet3/build_cmake/src/BulletDynamics",
					"$(PROJECT_DIR)/../submodules/bullet3/build_cmake/src/LinearMath",
					"$(PROJECT_DIR)/../submodules/bullet3/bin",
				);
				LLVM_LTO = YES;
				PRODUCT_BUNDLE_IDENTIFIER = com.kotoristudios.raytracinginoneweekend;
				PRODUCT_NAME = "$(TARGET_NAME)";
				PROVISIONING_PROFILE_SPECIFIER = "";
			};
			name = Release;
		};
/* End XCBuildConfiguration section */

/* Begin XCConfigurationList section */
		37100716209F622400F46866 /* Build configuration list for PBXProject "raytracinginoneweekend" */ = {
			isa = XCConfigurationList;
			buildConfigurations = (
				3710072A209F622500F46866 /* Debug */,
				3710072B209F622500F46866 /* Release */,
			);
			defaultConfigurationIsVisible = 0;
			defaultConfigurationName = Release;
		};
		3710072C209F622500F46866 /* Build configuration list for PBXNativeTarget "raytracinginoneweekend" */ = {
			isa = XCConfigurationList;
			buildConfigurations = (
				3710072D209F622500F46866 /* Debug */,
				3710072E209F622500F46866 /* Release */,
			);
			defaultConfigurationIsVisible = 0;
			defaultConfigurationName = Release;
		};
/* End XCConfigurationList section */
	};
	rootObject = 37100713209F622400F46866 /* Project object */;
}
