
Microsoft Visual Studio Solution File, Format Version 12.00
# Visual Studio Version 16
VisualStudioVersion = 16.0.29613.14
MinimumVisualStudioVersion = 10.0.40219.1
Project("{8BC9CEB8-8B4A-11D0-8D11-00A0C91BC942}") = "raytracinginoneweekend", "raytracinginoneweekend.vcxproj", "{214079F0-F9B7-48CB-B364-628D91A87347}"
EndProject
Global
	GlobalSection(SolutionConfigurationPlatforms) = preSolution
		Debug|x64 = Debug|x64
		Release|x64 = Release|x64
	EndGlobalSection
	GlobalSection(ProjectConfigurationPlatforms) = postSolution
		{214079F0-F9B7-48CB-B364-628D91A87347}.Debug|x64.ActiveCfg = Debug|x64
		{214079F0-F9B7-48CB-B364-628D91A87347}.Debug|x64.Build.0 = Debug|x64
		{214079F0-F9B7-48CB-B364-628D91A87347}.Release|x64.ActiveCfg = Release|x64
		{214079F0-F9B7-48CB-B364-628D91A87347}.Release|x64.Build.0 = Release|x64
	EndGlobalSection
	GlobalSection(SolutionProperties) = preSolution
		HideSolutionNode = FALSE
	EndGlobalSection
	GlobalSection(ExtensibilityGlobals) = postSolution
		SolutionGuid = {07E3AEFF-B917-4C69-AED5-D7180179E569}
	EndGlobalSection
EndGlobal
